{
  "version": 4,
  "terraform_version": "1.0.5",
  "serial": 3,
  "lineage": "59e290f7-ada1-7641-ab3a-8202d0a0d8eb",
  "outputs": {},
  "resources": [
    {
      "mode": "managed",
      "type": "google_storage_bucket",
      "name": "bucket",
      "provider": "provider[\"registry.terraform.io/hashicorp/google\"]",
      "instances": [
        {
          "index_key": 0,
          "schema_version": 0,
          "attributes": {
            "bucket_policy_only": false,
            "cors": [],
            "default_event_based_hold": false,
            "encryption": [],
            "force_destroy": false,
            "id": "terraform-gcppoc",
            "labels": {
              "location": "europe-west2",
              "name": "terraform-gcppoc"
            },
            "lifecycle_rule": [],
            "location": "EUROPE-WEST2",
            "logging": [],
            "name": "terraform-gcppoc",
            "project": "terraform-gcppoc",
            "requester_pays": false,
            "retention_policy": [],
            "self_link": "https://www.googleapis.com/storage/v1/b/terraform-gcppoc",
            "storage_class": "REGIONAL",
            "uniform_bucket_level_access": false,
            "url": "gs://terraform-gcppoc",
            "versioning": [
              {
                "enabled": true
              }
            ],
            "website": []
          },
          "sensitive_attributes": [],
          "private": "bnVsbA=="
        }
      ]
    }
  ]
}
